// !$*UTF8*$!
{
	archiveVersion = 1;
	classes = {
	};
	objectVersion = 55;
	objects = {

/* Begin PBXBuildFile section */
		E513D43F28137685000ED5F4 /* Tests_iOS.swift in Sources */ = {isa = PBXBuildFile; fileRef = E513D43E28137685000ED5F4 /* Tests_iOS.swift */; };
		E513D44128137685000ED5F4 /* Tests_iOSLaunchTests.swift in Sources */ = {isa = PBXBuildFile; fileRef = E513D44028137685000ED5F4 /* Tests_iOSLaunchTests.swift */; };
		E513D44B28137685000ED5F4 /* Tests_macOS.swift in Sources */ = {isa = PBXBuildFile; fileRef = E513D44A28137685000ED5F4 /* Tests_macOS.swift */; };
		E513D44D28137685000ED5F4 /* Tests_macOSLaunchTests.swift in Sources */ = {isa = PBXBuildFile; fileRef = E513D44C28137685000ED5F4 /* Tests_macOSLaunchTests.swift */; };
		E513D44E28137685000ED5F4 /* oneAnchorApp.swift in Sources */ = {isa = PBXBuildFile; fileRef = E513D42628137683000ED5F4 /* oneAnchorApp.swift */; };
		E513D44F28137685000ED5F4 /* oneAnchorApp.swift in Sources */ = {isa = PBXBuildFile; fileRef = E513D42628137683000ED5F4 /* oneAnchorApp.swift */; };
		E513D45028137685000ED5F4 /* ContentView.swift in Sources */ = {isa = PBXBuildFile; fileRef = E513D42728137683000ED5F4 /* ContentView.swift */; };
		E513D45128137685000ED5F4 /* ContentView.swift in Sources */ = {isa = PBXBuildFile; fileRef = E513D42728137683000ED5F4 /* ContentView.swift */; };
		E513D45228137685000ED5F4 /* Assets.xcassets in Resources */ = {isa = PBXBuildFile; fileRef = E513D42828137685000ED5F4 /* Assets.xcassets */; };
		E513D45328137685000ED5F4 /* Assets.xcassets in Resources */ = {isa = PBXBuildFile; fileRef = E513D42828137685000ED5F4 /* Assets.xcassets */; };
		E513D4632813769F000ED5F4 /* oneAnchor.swift in Sources */ = {isa = PBXBuildFile; fileRef = E513D4622813769F000ED5F4 /* oneAnchor.swift */; };
		E513D4642813769F000ED5F4 /* oneAnchor.swift in Sources */ = {isa = PBXBuildFile; fileRef = E513D4622813769F000ED5F4 /* oneAnchor.swift */; };
		E513D46D2815D55E000ED5F4 /* structs.swift in Sources */ = {isa = PBXBuildFile; fileRef = E513D46C2815D55E000ED5F4 /* structs.swift */; };
		E513D46E2815D55E000ED5F4 /* structs.swift in Sources */ = {isa = PBXBuildFile; fileRef = E513D46C2815D55E000ED5F4 /* structs.swift */; };
		E513D4702815D791000ED5F4 /* errors.swift in Sources */ = {isa = PBXBuildFile; fileRef = E513D46F2815D791000ED5F4 /* errors.swift */; };
		E513D4712815D791000ED5F4 /* errors.swift in Sources */ = {isa = PBXBuildFile; fileRef = E513D46F2815D791000ED5F4 /* errors.swift */; };
/* End PBXBuildFile section */

/* Begin PBXContainerItemProxy section */
		E513D43B28137685000ED5F4 /* PBXContainerItemProxy */ = {
			isa = PBXContainerItemProxy;
			containerPortal = E513D42128137682000ED5F4 /* Project object */;
			proxyType = 1;
			remoteGlobalIDString = E513D42C28137685000ED5F4;
			remoteInfo = "oneAnchor (iOS)";
		};
		E513D44728137685000ED5F4 /* PBXContainerItemProxy */ = {
			isa = PBXContainerItemProxy;
			containerPortal = E513D42128137682000ED5F4 /* Project object */;
			proxyType = 1;
			remoteGlobalIDString = E513D43228137685000ED5F4;
			remoteInfo = "oneAnchor (macOS)";
		};
/* End PBXContainerItemProxy section */

/* Begin PBXFileReference section */
		E513D42628137683000ED5F4 /* oneAnchorApp.swift */ = {isa = PBXFileReference; lastKnownFileType = sourcecode.swift; path = oneAnchorApp.swift; sourceTree = "<group>"; };
		E513D42728137683000ED5F4 /* ContentView.swift */ = {isa = PBXFileReference; lastKnownFileType = sourcecode.swift; path = ContentView.swift; sourceTree = "<group>"; };
		E513D42828137685000ED5F4 /* Assets.xcassets */ = {isa = PBXFileReference; lastKnownFileType = folder.assetcatalog; path = Assets.xcassets; sourceTree = "<group>"; };
		E513D42D28137685000ED5F4 /* oneAnchor.app */ = {isa = PBXFileReference; explicitFileType = wrapper.application; includeInIndex = 0; path = oneAnchor.app; sourceTree = BUILT_PRODUCTS_DIR; };
		E513D43328137685000ED5F4 /* oneAnchor.app */ = {isa = PBXFileReference; explicitFileType = wrapper.application; includeInIndex = 0; path = oneAnchor.app; sourceTree = BUILT_PRODUCTS_DIR; };
		E513D43528137685000ED5F4 /* macOS.entitlements */ = {isa = PBXFileReference; lastKnownFileType = text.plist.entitlements; path = macOS.entitlements; sourceTree = "<group>"; };
		E513D43A28137685000ED5F4 /* Tests iOS.xctest */ = {isa = PBXFileReference; explicitFileType = wrapper.cfbundle; includeInIndex = 0; path = "Tests iOS.xctest"; sourceTree = BUILT_PRODUCTS_DIR; };
		E513D43E28137685000ED5F4 /* Tests_iOS.swift */ = {isa = PBXFileReference; lastKnownFileType = sourcecode.swift; path = Tests_iOS.swift; sourceTree = "<group>"; };
		E513D44028137685000ED5F4 /* Tests_iOSLaunchTests.swift */ = {isa = PBXFileReference; lastKnownFileType = sourcecode.swift; path = Tests_iOSLaunchTests.swift; sourceTree = "<group>"; };
		E513D44628137685000ED5F4 /* Tests macOS.xctest */ = {isa = PBXFileReference; explicitFileType = wrapper.cfbundle; includeInIndex = 0; path = "Tests macOS.xctest"; sourceTree = BUILT_PRODUCTS_DIR; };
		E513D44A28137685000ED5F4 /* Tests_macOS.swift */ = {isa = PBXFileReference; lastKnownFileType = sourcecode.swift; path = Tests_macOS.swift; sourceTree = "<group>"; };
		E513D44C28137685000ED5F4 /* Tests_macOSLaunchTests.swift */ = {isa = PBXFileReference; lastKnownFileType = sourcecode.swift; path = Tests_macOSLaunchTests.swift; sourceTree = "<group>"; };
		E513D4622813769F000ED5F4 /* oneAnchor.swift */ = {isa = PBXFileReference; lastKnownFileType = sourcecode.swift; name = oneAnchor.swift; path = "../New Group/oneAnchor.swift"; sourceTree = "<group>"; };
		E513D46C2815D55E000ED5F4 /* structs.swift */ = {isa = PBXFileReference; lastKnownFileType = sourcecode.swift; path = structs.swift; sourceTree = "<group>"; };
		E513D46F2815D791000ED5F4 /* errors.swift */ = {isa = PBXFileReference; lastKnownFileType = sourcecode.swift; path = errors.swift; sourceTree = "<group>"; };
/* End PBXFileReference section */

/* Begin PBXFrameworksBuildPhase section */
		E513D42A28137685000ED5F4 /* Frameworks */ = {
			isa = PBXFrameworksBuildPhase;
			buildActionMask = 2147483647;
			files = (
			);
			runOnlyForDeploymentPostprocessing = 0;
		};
		E513D43028137685000ED5F4 /* Frameworks */ = {
			isa = PBXFrameworksBuildPhase;
			buildActionMask = 2147483647;
			files = (
			);
			runOnlyForDeploymentPostprocessing = 0;
		};
		E513D43728137685000ED5F4 /* Frameworks */ = {
			isa = PBXFrameworksBuildPhase;
			buildActionMask = 2147483647;
			files = (
			);
			runOnlyForDeploymentPostprocessing = 0;
		};
		E513D44328137685000ED5F4 /* Frameworks */ = {
			isa = PBXFrameworksBuildPhase;
			buildActionMask = 2147483647;
			files = (
			);
			runOnlyForDeploymentPostprocessing = 0;
		};
/* End PBXFrameworksBuildPhase section */

/* Begin PBXGroup section */
		E513D42028137682000ED5F4 = {
			isa = PBXGroup;
			children = (
				E513D42528137683000ED5F4 /* Shared */,
				E513D43428137685000ED5F4 /* macOS */,
				E513D43D28137685000ED5F4 /* Tests iOS */,
				E513D44928137685000ED5F4 /* Tests macOS */,
				E513D42E28137685000ED5F4 /* Products */,
			);
			sourceTree = "<group>";
		};
		E513D42528137683000ED5F4 /* Shared */ = {
			isa = PBXGroup;
			children = (
				E513D46B2815D1D1000ED5F4 /* oneAnchor */,
				E513D42628137683000ED5F4 /* oneAnchorApp.swift */,
				E513D42728137683000ED5F4 /* ContentView.swift */,
				E513D42828137685000ED5F4 /* Assets.xcassets */,
			);
			path = Shared;
			sourceTree = "<group>";
		};
		E513D42E28137685000ED5F4 /* Products */ = {
			isa = PBXGroup;
			children = (
				E513D42D28137685000ED5F4 /* oneAnchor.app */,
				E513D43328137685000ED5F4 /* oneAnchor.app */,
				E513D43A28137685000ED5F4 /* Tests iOS.xctest */,
				E513D44628137685000ED5F4 /* Tests macOS.xctest */,
			);
			name = Products;
			sourceTree = "<group>";
		};
		E513D43428137685000ED5F4 /* macOS */ = {
			isa = PBXGroup;
			children = (
				E513D43528137685000ED5F4 /* macOS.entitlements */,
			);
			path = macOS;
			sourceTree = "<group>";
		};
		E513D43D28137685000ED5F4 /* Tests iOS */ = {
			isa = PBXGroup;
			children = (
				E513D43E28137685000ED5F4 /* Tests_iOS.swift */,
				E513D44028137685000ED5F4 /* Tests_iOSLaunchTests.swift */,
			);
			path = "Tests iOS";
			sourceTree = "<group>";
		};
		E513D44928137685000ED5F4 /* Tests macOS */ = {
			isa = PBXGroup;
			children = (
				E513D44A28137685000ED5F4 /* Tests_macOS.swift */,
				E513D44C28137685000ED5F4 /* Tests_macOSLaunchTests.swift */,
			);
			path = "Tests macOS";
			sourceTree = "<group>";
		};
		E513D46B2815D1D1000ED5F4 /* oneAnchor */ = {
			isa = PBXGroup;
			children = (
				E513D4622813769F000ED5F4 /* oneAnchor.swift */,
				E513D46C2815D55E000ED5F4 /* structs.swift */,
				E513D46F2815D791000ED5F4 /* errors.swift */,
			);
			path = oneAnchor;
			sourceTree = "<group>";
		};
/* End PBXGroup section */

/* Begin PBXNativeTarget section */
		E513D42C28137685000ED5F4 /* oneAnchor (iOS) */ = {
			isa = PBXNativeTarget;
			buildConfigurationList = E513D45628137685000ED5F4 /* Build configuration list for PBXNativeTarget "oneAnchor (iOS)" */;
			buildPhases = (
				E513D42928137685000ED5F4 /* Sources */,
				E513D42A28137685000ED5F4 /* Frameworks */,
				E513D42B28137685000ED5F4 /* Resources */,
			);
			buildRules = (
			);
			dependencies = (
			);
			name = "oneAnchor (iOS)";
			productName = "oneAnchor (iOS)";
			productReference = E513D42D28137685000ED5F4 /* oneAnchor.app */;
			productType = "com.apple.product-type.application";
		};
		E513D43228137685000ED5F4 /* oneAnchor (macOS) */ = {
			isa = PBXNativeTarget;
			buildConfigurationList = E513D45928137685000ED5F4 /* Build configuration list for PBXNativeTarget "oneAnchor (macOS)" */;
			buildPhases = (
				E513D42F28137685000ED5F4 /* Sources */,
				E513D43028137685000ED5F4 /* Frameworks */,
				E513D43128137685000ED5F4 /* Resources */,
			);
			buildRules = (
			);
			dependencies = (
			);
			name = "oneAnchor (macOS)";
			productName = "oneAnchor (macOS)";
			productReference = E513D43328137685000ED5F4 /* oneAnchor.app */;
			productType = "com.apple.product-type.application";
		};
		E513D43928137685000ED5F4 /* Tests iOS */ = {
			isa = PBXNativeTarget;
			buildConfigurationList = E513D45C28137685000ED5F4 /* Build configuration list for PBXNativeTarget "Tests iOS" */;
			buildPhases = (
				E513D43628137685000ED5F4 /* Sources */,
				E513D43728137685000ED5F4 /* Frameworks */,
				E513D43828137685000ED5F4 /* Resources */,
			);
			buildRules = (
			);
			dependencies = (
				E513D43C28137685000ED5F4 /* PBXTargetDependency */,
			);
			name = "Tests iOS";
			productName = "Tests iOS";
			productReference = E513D43A28137685000ED5F4 /* Tests iOS.xctest */;
			productType = "com.apple.product-type.bundle.ui-testing";
		};
		E513D44528137685000ED5F4 /* Tests macOS */ = {
			isa = PBXNativeTarget;
			buildConfigurationList = E513D45F28137685000ED5F4 /* Build configuration list for PBXNativeTarget "Tests macOS" */;
			buildPhases = (
				E513D44228137685000ED5F4 /* Sources */,
				E513D44328137685000ED5F4 /* Frameworks */,
				E513D44428137685000ED5F4 /* Resources */,
			);
			buildRules = (
			);
			dependencies = (
				E513D44828137685000ED5F4 /* PBXTargetDependency */,
			);
			name = "Tests macOS";
			productName = "Tests macOS";
			productReference = E513D44628137685000ED5F4 /* Tests macOS.xctest */;
			productType = "com.apple.product-type.bundle.ui-testing";
		};
/* End PBXNativeTarget section */

/* Begin PBXProject section */
		E513D42128137682000ED5F4 /* Project object */ = {
			isa = PBXProject;
			attributes = {
				BuildIndependentTargetsInParallel = 1;
				LastSwiftUpdateCheck = 1320;
				LastUpgradeCheck = 1320;
				TargetAttributes = {
					E513D42C28137685000ED5F4 = {
						CreatedOnToolsVersion = 13.2.1;
					};
					E513D43228137685000ED5F4 = {
						CreatedOnToolsVersion = 13.2.1;
					};
					E513D43928137685000ED5F4 = {
						CreatedOnToolsVersion = 13.2.1;
						TestTargetID = E513D42C28137685000ED5F4;
					};
					E513D44528137685000ED5F4 = {
						CreatedOnToolsVersion = 13.2.1;
						TestTargetID = E513D43228137685000ED5F4;
					};
				};
			};
			buildConfigurationList = E513D42428137682000ED5F4 /* Build configuration list for PBXProject "oneAnchor" */;
			compatibilityVersion = "Xcode 13.0";
			developmentRegion = en;
			hasScannedForEncodings = 0;
			knownRegions = (
				en,
				Base,
			);
			mainGroup = E513D42028137682000ED5F4;
			productRefGroup = E513D42E28137685000ED5F4 /* Products */;
			projectDirPath = "";
			projectRoot = "";
			targets = (
				E513D42C28137685000ED5F4 /* oneAnchor (iOS) */,
				E513D43228137685000ED5F4 /* oneAnchor (macOS) */,
				E513D43928137685000ED5F4 /* Tests iOS */,
				E513D44528137685000ED5F4 /* Tests macOS */,
			);
		};
/* End PBXProject section */

/* Begin PBXResourcesBuildPhase section */
		E513D42B28137685000ED5F4 /* Resources */ = {
			isa = PBXResourcesBuildPhase;
			buildActionMask = 2147483647;
			files = (
				E513D45228137685000ED5F4 /* Assets.xcassets in Resources */,
			);
			runOnlyForDeploymentPostprocessing = 0;
		};
		E513D43128137685000ED5F4 /* Resources */ = {
			isa = PBXResourcesBuildPhase;
			buildActionMask = 2147483647;
			files = (
				E513D45328137685000ED5F4 /* Assets.xcassets in Resources */,
			);
			runOnlyForDeploymentPostprocessing = 0;
		};
		E513D43828137685000ED5F4 /* Resources */ = {
			isa = PBXResourcesBuildPhase;
			buildActionMask = 2147483647;
			files = (
			);
			runOnlyForDeploymentPostprocessing = 0;
		};
		E513D44428137685000ED5F4 /* Resources */ = {
			isa = PBXResourcesBuildPhase;
			buildActionMask = 2147483647;
			files = (
			);
			runOnlyForDeploymentPostprocessing = 0;
		};
/* End PBXResourcesBuildPhase section */

/* Begin PBXSourcesBuildPhase section */
		E513D42928137685000ED5F4 /* Sources */ = {
			isa = PBXSourcesBuildPhase;
			buildActionMask = 2147483647;
			files = (
				E513D46D2815D55E000ED5F4 /* structs.swift in Sources */,
				E513D4632813769F000ED5F4 /* oneAnchor.swift in Sources */,
				E513D4702815D791000ED5F4 /* errors.swift in Sources */,
				E513D45028137685000ED5F4 /* ContentView.swift in Sources */,
				E513D44E28137685000ED5F4 /* oneAnchorApp.swift in Sources */,
			);
			runOnlyForDeploymentPostprocessing = 0;
		};
		E513D42F28137685000ED5F4 /* Sources */ = {
			isa = PBXSourcesBuildPhase;
			buildActionMask = 2147483647;
			files = (
				E513D46E2815D55E000ED5F4 /* structs.swift in Sources */,
				E513D4642813769F000ED5F4 /* oneAnchor.swift in Sources */,
				E513D4712815D791000ED5F4 /* errors.swift in Sources */,
				E513D45128137685000ED5F4 /* ContentView.swift in Sources */,
				E513D44F28137685000ED5F4 /* oneAnchorApp.swift in Sources */,
			);
			runOnlyForDeploymentPostprocessing = 0;
		};
		E513D43628137685000ED5F4 /* Sources */ = {
			isa = PBXSourcesBuildPhase;
			buildActionMask = 2147483647;
			files = (
				E513D44128137685000ED5F4 /* Tests_iOSLaunchTests.swift in Sources */,
				E513D43F28137685000ED5F4 /* Tests_iOS.swift in Sources */,
			);
			runOnlyForDeploymentPostprocessing = 0;
		};
		E513D44228137685000ED5F4 /* Sources */ = {
			isa = PBXSourcesBuildPhase;
			buildActionMask = 2147483647;
			files = (
				E513D44D28137685000ED5F4 /* Tests_macOSLaunchTests.swift in Sources */,
				E513D44B28137685000ED5F4 /* Tests_macOS.swift in Sources */,
			);
			runOnlyForDeploymentPostprocessing = 0;
		};
/* End PBXSourcesBuildPhase section */

/* Begin PBXTargetDependency section */
		E513D43C28137685000ED5F4 /* PBXTargetDependency */ = {
			isa = PBXTargetDependency;
			target = E513D42C28137685000ED5F4 /* oneAnchor (iOS) */;
			targetProxy = E513D43B28137685000ED5F4 /* PBXContainerItemProxy */;
		};
		E513D44828137685000ED5F4 /* PBXTargetDependency */ = {
			isa = PBXTargetDependency;
			target = E513D43228137685000ED5F4 /* oneAnchor (macOS) */;
			targetProxy = E513D44728137685000ED5F4 /* PBXContainerItemProxy */;
		};
/* End PBXTargetDependency section */

/* Begin XCBuildConfiguration section */
		E513D45428137685000ED5F4 /* Debug */ = {
			isa = XCBuildConfiguration;
			buildSettings = {
				ALWAYS_SEARCH_USER_PATHS = NO;
				CLANG_ANALYZER_NONNULL = YES;
				CLANG_ANALYZER_NUMBER_OBJECT_CONVERSION = YES_AGGRESSIVE;
				CLANG_CXX_LANGUAGE_STANDARD = "gnu++17";
				CLANG_CXX_LIBRARY = "libc++";
				CLANG_ENABLE_MODULES = YES;
				CLANG_ENABLE_OBJC_ARC = YES;
				CLANG_ENABLE_OBJC_WEAK = YES;
				CLANG_WARN_BLOCK_CAPTURE_AUTORELEASING = YES;
				CLANG_WARN_BOOL_CONVERSION = YES;
				CLANG_WARN_COMMA = YES;
				CLANG_WARN_CONSTANT_CONVERSION = YES;
				CLANG_WARN_DEPRECATED_OBJC_IMPLEMENTATIONS = YES;
				CLANG_WARN_DIRECT_OBJC_ISA_USAGE = YES_ERROR;
				CLANG_WARN_DOCUMENTATION_COMMENTS = YES;
				CLANG_WARN_EMPTY_BODY = YES;
				CLANG_WARN_ENUM_CONVERSION = YES;
				CLANG_WARN_INFINITE_RECURSION = YES;
				CLANG_WARN_INT_CONVERSION = YES;
				CLANG_WARN_NON_LITERAL_NULL_CONVERSION = YES;
				CLANG_WARN_OBJC_IMPLICIT_RETAIN_SELF = YES;
				CLANG_WARN_OBJC_LITERAL_CONVERSION = YES;
				CLANG_WARN_OBJC_ROOT_CLASS = YES_ERROR;
				CLANG_WARN_QUOTED_INCLUDE_IN_FRAMEWORK_HEADER = YES;
				CLANG_WARN_RANGE_LOOP_ANALYSIS = YES;
				CLANG_WARN_STRICT_PROTOTYPES = YES;
				CLANG_WARN_SUSPICIOUS_MOVE = YES;
				CLANG_WARN_UNGUARDED_AVAILABILITY = YES_AGGRESSIVE;
				CLANG_WARN_UNREACHABLE_CODE = YES;
				CLANG_WARN__DUPLICATE_METHOD_MATCH = YES;
				COPY_PHASE_STRIP = NO;
				DEBUG_INFORMATION_FORMAT = dwarf;
				ENABLE_STRICT_OBJC_MSGSEND = YES;
				ENABLE_TESTABILITY = YES;
				GCC_C_LANGUAGE_STANDARD = gnu11;
				GCC_DYNAMIC_NO_PIC = NO;
				GCC_NO_COMMON_BLOCKS = YES;
				GCC_OPTIMIZATION_LEVEL = 0;
				GCC_PREPROCESSOR_DEFINITIONS = (
					"DEBUG=1",
					"$(inherited)",
				);
				GCC_WARN_64_TO_32_BIT_CONVERSION = YES;
				GCC_WARN_ABOUT_RETURN_TYPE = YES_ERROR;
				GCC_WARN_UNDECLARED_SELECTOR = YES;
				GCC_WARN_UNINITIALIZED_AUTOS = YES_AGGRESSIVE;
				GCC_WARN_UNUSED_FUNCTION = YES;
				GCC_WARN_UNUSED_VARIABLE = YES;
				MTL_ENABLE_DEBUG_INFO = INCLUDE_SOURCE;
				MTL_FAST_MATH = YES;
				ONLY_ACTIVE_ARCH = YES;
				SWIFT_ACTIVE_COMPILATION_CONDITIONS = DEBUG;
				SWIFT_OPTIMIZATION_LEVEL = "-Onone";
			};
			name = Debug;
		};
		E513D45528137685000ED5F4 /* Release */ = {
			isa = XCBuildConfiguration;
			buildSettings = {
				ALWAYS_SEARCH_USER_PATHS = NO;
				CLANG_ANALYZER_NONNULL = YES;
				CLANG_ANALYZER_NUMBER_OBJECT_CONVERSION = YES_AGGRESSIVE;
				CLANG_CXX_LANGUAGE_STANDARD = "gnu++17";
				CLANG_CXX_LIBRARY = "libc++";
				CLANG_ENABLE_MODULES = YES;
				CLANG_ENABLE_OBJC_ARC = YES;
				CLANG_ENABLE_OBJC_WEAK = YES;
				CLANG_WARN_BLOCK_CAPTURE_AUTORELEASING = YES;
				CLANG_WARN_BOOL_CONVERSION = YES;
				CLANG_WARN_COMMA = YES;
				CLANG_WARN_CONSTANT_CONVERSION = YES;
				CLANG_WARN_DEPRECATED_OBJC_IMPLEMENTATIONS = YES;
				CLANG_WARN_DIRECT_OBJC_ISA_USAGE = YES_ERROR;
				CLANG_WARN_DOCUMENTATION_COMMENTS = YES;
				CLANG_WARN_EMPTY_BODY = YES;
				CLANG_WARN_ENUM_CONVERSION = YES;
				CLANG_WARN_INFINITE_RECURSION = YES;
				CLANG_WARN_INT_CONVERSION = YES;
				CLANG_WARN_NON_LITERAL_NULL_CONVERSION = YES;
				CLANG_WARN_OBJC_IMPLICIT_RETAIN_SELF = YES;
				CLANG_WARN_OBJC_LITERAL_CONVERSION = YES;
				CLANG_WARN_OBJC_ROOT_CLASS = YES_ERROR;
				CLANG_WARN_QUOTED_INCLUDE_IN_FRAMEWORK_HEADER = YES;
				CLANG_WARN_RANGE_LOOP_ANALYSIS = YES;
				CLANG_WARN_STRICT_PROTOTYPES = YES;
				CLANG_WARN_SUSPICIOUS_MOVE = YES;
				CLANG_WARN_UNGUARDED_AVAILABILITY = YES_AGGRESSIVE;
				CLANG_WARN_UNREACHABLE_CODE = YES;
				CLANG_WARN__DUPLICATE_METHOD_MATCH = YES;
				COPY_PHASE_STRIP = NO;
				DEBUG_INFORMATION_FORMAT = "dwarf-with-dsym";
				ENABLE_NS_ASSERTIONS = NO;
				ENABLE_STRICT_OBJC_MSGSEND = YES;
				GCC_C_LANGUAGE_STANDARD = gnu11;
				GCC_NO_COMMON_BLOCKS = YES;
				GCC_WARN_64_TO_32_BIT_CONVERSION = YES;
				GCC_WARN_ABOUT_RETURN_TYPE = YES_ERROR;
				GCC_WARN_UNDECLARED_SELECTOR = YES;
				GCC_WARN_UNINITIALIZED_AUTOS = YES_AGGRESSIVE;
				GCC_WARN_UNUSED_FUNCTION = YES;
				GCC_WARN_UNUSED_VARIABLE = YES;
				MTL_ENABLE_DEBUG_INFO = NO;
				MTL_FAST_MATH = YES;
				SWIFT_COMPILATION_MODE = wholemodule;
				SWIFT_OPTIMIZATION_LEVEL = "-O";
			};
			name = Release;
		};
		E513D45728137685000ED5F4 /* Debug */ = {
			isa = XCBuildConfiguration;
			buildSettings = {
				ASSETCATALOG_COMPILER_APPICON_NAME = AppIcon;
				ASSETCATALOG_COMPILER_GLOBAL_ACCENT_COLOR_NAME = AccentColor;
				CODE_SIGN_STYLE = Automatic;
				CURRENT_PROJECT_VERSION = 1;
				DEVELOPMENT_TEAM = ZRG2J3VTE5;
				ENABLE_PREVIEWS = YES;
				GENERATE_INFOPLIST_FILE = YES;
				INFOPLIST_KEY_UIApplicationSceneManifest_Generation = YES;
				INFOPLIST_KEY_UIApplicationSupportsIndirectInputEvents = YES;
				INFOPLIST_KEY_UILaunchScreen_Generation = YES;
				INFOPLIST_KEY_UISupportedInterfaceOrientations_iPad = "UIInterfaceOrientationPortrait UIInterfaceOrientationPortraitUpsideDown UIInterfaceOrientationLandscapeLeft UIInterfaceOrientationLandscapeRight";
				INFOPLIST_KEY_UISupportedInterfaceOrientations_iPhone = "UIInterfaceOrientationPortrait UIInterfaceOrientationLandscapeLeft UIInterfaceOrientationLandscapeRight";
				IPHONEOS_DEPLOYMENT_TARGET = 15.2;
				LD_RUNPATH_SEARCH_PATHS = (
					"$(inherited)",
					"@executable_path/Frameworks",
				);
				MARKETING_VERSION = 1.0;
				PRODUCT_BUNDLE_IDENTIFIER = bp.oneAnchor;
				PRODUCT_NAME = oneAnchor;
				SDKROOT = iphoneos;
				SWIFT_EMIT_LOC_STRINGS = YES;
				SWIFT_VERSION = 5.0;
				TARGETED_DEVICE_FAMILY = "1,2";
			};
			name = Debug;
		};
		E513D45828137685000ED5F4 /* Release */ = {
			isa = XCBuildConfiguration;
			buildSettings = {
				ASSETCATALOG_COMPILER_APPICON_NAME = AppIcon;
				ASSETCATALOG_COMPILER_GLOBAL_ACCENT_COLOR_NAME = AccentColor;
				CODE_SIGN_STYLE = Automatic;
				CURRENT_PROJECT_VERSION = 1;
				DEVELOPMENT_TEAM = ZRG2J3VTE5;
				ENABLE_PREVIEWS = YES;
				GENERATE_INFOPLIST_FILE = YES;
				INFOPLIST_KEY_UIApplicationSceneManifest_Generation = YES;
				INFOPLIST_KEY_UIApplicationSupportsIndirectInputEvents = YES;
				INFOPLIST_KEY_UILaunchScreen_Generation = YES;
				INFOPLIST_KEY_UISupportedInterfaceOrientations_iPad = "UIInterfaceOrientationPortrait UIInterfaceOrientationPortraitUpsideDown UIInterfaceOrientationLandscapeLeft UIInterfaceOrientationLandscapeRight";
				INFOPLIST_KEY_UISupportedInterfaceOrientations_iPhone = "UIInterfaceOrientationPortrait UIInterfaceOrientationLandscapeLeft UIInterfaceOrientationLandscapeRight";
				IPHONEOS_DEPLOYMENT_TARGET = 15.2;
				LD_RUNPATH_SEARCH_PATHS = (
					"$(inherited)",
					"@executable_path/Frameworks",
				);
				MARKETING_VERSION = 1.0;
				PRODUCT_BUNDLE_IDENTIFIER = bp.oneAnchor;
				PRODUCT_NAME = oneAnchor;
				SDKROOT = iphoneos;
				SWIFT_EMIT_LOC_STRINGS = YES;
				SWIFT_VERSION = 5.0;
				TARGETED_DEVICE_FAMILY = "1,2";
				VALIDATE_PRODUCT = YES;
			};
			name = Release;
		};
		E513D45A28137685000ED5F4 /* Debug */ = {
			isa = XCBuildConfiguration;
			buildSettings = {
				ASSETCATALOG_COMPILER_APPICON_NAME = AppIcon;
				ASSETCATALOG_COMPILER_GLOBAL_ACCENT_COLOR_NAME = AccentColor;
				CODE_SIGN_ENTITLEMENTS = macOS/macOS.entitlements;
				CODE_SIGN_STYLE = Automatic;
				COMBINE_HIDPI_IMAGES = YES;
				CURRENT_PROJECT_VERSION = 1;
				DEVELOPMENT_TEAM = ZRG2J3VTE5;
				ENABLE_HARDENED_RUNTIME = YES;
				ENABLE_PREVIEWS = YES;
				GENERATE_INFOPLIST_FILE = YES;
				INFOPLIST_KEY_NSHumanReadableCopyright = "";
				LD_RUNPATH_SEARCH_PATHS = (
					"$(inherited)",
					"@executable_path/../Frameworks",
				);
				MACOSX_DEPLOYMENT_TARGET = 11.5;
				MARKETING_VERSION = 1.0;
				PRODUCT_BUNDLE_IDENTIFIER = bp.oneAnchor;
				PRODUCT_NAME = oneAnchor;
				SDKROOT = macosx;
				SWIFT_EMIT_LOC_STRINGS = YES;
				SWIFT_VERSION = 5.0;
			};
			name = Debug;
		};
		E513D45B28137685000ED5F4 /* Release */ = {
			isa = XCBuildConfiguration;
			buildSettings = {
				ASSETCATALOG_COMPILER_APPICON_NAME = AppIcon;
				ASSETCATALOG_COMPILER_GLOBAL_ACCENT_COLOR_NAME = AccentColor;
				CODE_SIGN_ENTITLEMENTS = macOS/macOS.entitlements;
				CODE_SIGN_STYLE = Automatic;
				COMBINE_HIDPI_IMAGES = YES;
				CURRENT_PROJECT_VERSION = 1;
				DEVELOPMENT_TEAM = ZRG2J3VTE5;
				ENABLE_HARDENED_RUNTIME = YES;
				ENABLE_PREVIEWS = YES;
				GENERATE_INFOPLIST_FILE = YES;
				INFOPLIST_KEY_NSHumanReadableCopyright = "";
				LD_RUNPATH_SEARCH_PATHS = (
					"$(inherited)",
					"@executable_path/../Frameworks",
				);
				MACOSX_DEPLOYMENT_TARGET = 11.5;
				MARKETING_VERSION = 1.0;
				PRODUCT_BUNDLE_IDENTIFIER = bp.oneAnchor;
				PRODUCT_NAME = oneAnchor;
				SDKROOT = macosx;
				SWIFT_EMIT_LOC_STRINGS = YES;
				SWIFT_VERSION = 5.0;
			};
			name = Release;
		};
		E513D45D28137685000ED5F4 /* Debug */ = {
			isa = XCBuildConfiguration;
			buildSettings = {
				ALWAYS_EMBED_SWIFT_STANDARD_LIBRARIES = YES;
				CODE_SIGN_STYLE = Automatic;
				CURRENT_PROJECT_VERSION = 1;
				DEVELOPMENT_TEAM = ZRG2J3VTE5;
				GENERATE_INFOPLIST_FILE = YES;
				IPHONEOS_DEPLOYMENT_TARGET = 15.2;
				MARKETING_VERSION = 1.0;
				PRODUCT_BUNDLE_IDENTIFIER = "bp.Tests-iOS";
				PRODUCT_NAME = "$(TARGET_NAME)";
				SDKROOT = iphoneos;
				SWIFT_EMIT_LOC_STRINGS = NO;
				SWIFT_VERSION = 5.0;
				TARGETED_DEVICE_FAMILY = "1,2";
				TEST_TARGET_NAME = "oneAnchor (iOS)";
			};
			name = Debug;
		};
		E513D45E28137685000ED5F4 /* Release */ = {
			isa = XCBuildConfiguration;
			buildSettings = {
				ALWAYS_EMBED_SWIFT_STANDARD_LIBRARIES = YES;
				CODE_SIGN_STYLE = Automatic;
				CURRENT_PROJECT_VERSION = 1;
				DEVELOPMENT_TEAM = ZRG2J3VTE5;
				GENERATE_INFOPLIST_FILE = YES;
				IPHONEOS_DEPLOYMENT_TARGET = 15.2;
				MARKETING_VERSION = 1.0;
				PRODUCT_BUNDLE_IDENTIFIER = "bp.Tests-iOS";
				PRODUCT_NAME = "$(TARGET_NAME)";
				SDKROOT = iphoneos;
				SWIFT_EMIT_LOC_STRINGS = NO;
				SWIFT_VERSION = 5.0;
				TARGETED_DEVICE_FAMILY = "1,2";
				TEST_TARGET_NAME = "oneAnchor (iOS)";
				VALIDATE_PRODUCT = YES;
			};
			name = Release;
		};
		E513D46028137685000ED5F4 /* Debug */ = {
			isa = XCBuildConfiguration;
			buildSettings = {
				ALWAYS_EMBED_SWIFT_STANDARD_LIBRARIES = YES;
				CODE_SIGN_STYLE = Automatic;
				CURRENT_PROJECT_VERSION = 1;
				DEVELOPMENT_TEAM = ZRG2J3VTE5;
				GENERATE_INFOPLIST_FILE = YES;
				MACOSX_DEPLOYMENT_TARGET = 11.5;
				MARKETING_VERSION = 1.0;
				PRODUCT_BUNDLE_IDENTIFIER = "bp.Tests-macOS";
				PRODUCT_NAME = "$(TARGET_NAME)";
				SDKROOT = macosx;
				SWIFT_EMIT_LOC_STRINGS = NO;
				SWIFT_VERSION = 5.0;
				TEST_TARGET_NAME = "oneAnchor (macOS)";
			};
			name = Debug;
		};
		E513D46128137685000ED5F4 /* Release */ = {
			isa = XCBuildConfiguration;
			buildSettings = {
				ALWAYS_EMBED_SWIFT_STANDARD_LIBRARIES = YES;
				CODE_SIGN_STYLE = Automatic;
				CURRENT_PROJECT_VERSION = 1;
				DEVELOPMENT_TEAM = ZRG2J3VTE5;
				GENERATE_INFOPLIST_FILE = YES;
				MACOSX_DEPLOYMENT_TARGET = 11.5;
				MARKETING_VERSION = 1.0;
				PRODUCT_BUNDLE_IDENTIFIER = "bp.Tests-macOS";
				PRODUCT_NAME = "$(TARGET_NAME)";
				SDKROOT = macosx;
				SWIFT_EMIT_LOC_STRINGS = NO;
				SWIFT_VERSION = 5.0;
				TEST_TARGET_NAME = "oneAnchor (macOS)";
			};
			name = Release;
		};
/* End XCBuildConfiguration section */

/* Begin XCConfigurationList section */
		E513D42428137682000ED5F4 /* Build configuration list for PBXProject "oneAnchor" */ = {
			isa = XCConfigurationList;
			buildConfigurations = (
				E513D45428137685000ED5F4 /* Debug */,
				E513D45528137685000ED5F4 /* Release */,
			);
			defaultConfigurationIsVisible = 0;
			defaultConfigurationName = Release;
		};
		E513D45628137685000ED5F4 /* Build configuration list for PBXNativeTarget "oneAnchor (iOS)" */ = {
			isa = XCConfigurationList;
			buildConfigurations = (
				E513D45728137685000ED5F4 /* Debug */,
				E513D45828137685000ED5F4 /* Release */,
			);
			defaultConfigurationIsVisible = 0;
			defaultConfigurationName = Release;
		};
		E513D45928137685000ED5F4 /* Build configuration list for PBXNativeTarget "oneAnchor (macOS)" */ = {
			isa = XCConfigurationList;
			buildConfigurations = (
				E513D45A28137685000ED5F4 /* Debug */,
				E513D45B28137685000ED5F4 /* Release */,
			);
			defaultConfigurationIsVisible = 0;
			defaultConfigurationName = Release;
		};
		E513D45C28137685000ED5F4 /* Build configuration list for PBXNativeTarget "Tests iOS" */ = {
			isa = XCConfigurationList;
			buildConfigurations = (
				E513D45D28137685000ED5F4 /* Debug */,
				E513D45E28137685000ED5F4 /* Release */,
			);
			defaultConfigurationIsVisible = 0;
			defaultConfigurationName = Release;
		};
		E513D45F28137685000ED5F4 /* Build configuration list for PBXNativeTarget "Tests macOS" */ = {
			isa = XCConfigurationList;
			buildConfigurations = (
				E513D46028137685000ED5F4 /* Debug */,
				E513D46128137685000ED5F4 /* Release */,
			);
			defaultConfigurationIsVisible = 0;
			defaultConfigurationName = Release;
		};
/* End XCConfigurationList section */
	};
	rootObject = E513D42128137682000ED5F4 /* Project object */;
}
